
Microsoft Visual Studio Solution File, Format Version 12.00
# Visual Studio 2013
VisualStudioVersion = 12.0.21005.1
MinimumVisualStudioVersion = 10.0.40219.1
Project("{FAE04EC0-301F-11D3-BF4B-00C04F79EFBC}") = "Projet_DotNet", "Projet_DotNet\Projet_DotNet.csproj", "{5EAA0253-8C1C-4A5F-8E2D-59C7502EFD23}"
EndProject
Project("{FAE04EC0-301F-11D3-BF4B-00C04F79EFBC}") = "Serveur", "Serveur\Serveur\Serveur.csproj", "{467E3ABE-03CC-4F7C-95BA-A18D12F49472}"
EndProject
Project("{FAE04EC0-301F-11D3-BF4B-00C04F79EFBC}") = "ProjetParent", "ProjetParent\ProjetParent.csproj", "{C16FD3A5-7307-40E0-8DAF-4865503CC0E3}"
EndProject
Global
	GlobalSection(SolutionConfigurationPlatforms) = preSolution
		Debug|Any CPU = Debug|Any CPU
		Release|Any CPU = Release|Any CPU
	EndGlobalSection
	GlobalSection(ProjectConfigurationPlatforms) = postSolution
		{5EAA0253-8C1C-4A5F-8E2D-59C7502EFD23}.Debug|Any CPU.ActiveCfg = Debug|Any CPU
		{5EAA0253-8C1C-4A5F-8E2D-59C7502EFD23}.Debug|Any CPU.Build.0 = Debug|Any CPU
		{5EAA0253-8C1C-4A5F-8E2D-59C7502EFD23}.Debug|Any CPU.Deploy.0 = Debug|Any CPU
		{5EAA0253-8C1C-4A5F-8E2D-59C7502EFD23}.Release|Any CPU.ActiveCfg = Release|Any CPU
		{5EAA0253-8C1C-4A5F-8E2D-59C7502EFD23}.Release|Any CPU.Build.0 = Release|Any CPU
		{467E3ABE-03CC-4F7C-95BA-A18D12F49472}.Debug|Any CPU.ActiveCfg = Debug|Any CPU
		{467E3ABE-03CC-4F7C-95BA-A18D12F49472}.Debug|Any CPU.Build.0 = Debug|Any CPU
		{467E3ABE-03CC-4F7C-95BA-A18D12F49472}.Release|Any CPU.ActiveCfg = Release|Any CPU
		{467E3ABE-03CC-4F7C-95BA-A18D12F49472}.Release|Any CPU.Build.0 = Release|Any CPU
		{C16FD3A5-7307-40E0-8DAF-4865503CC0E3}.Debug|Any CPU.ActiveCfg = Debug|Any CPU
		{C16FD3A5-7307-40E0-8DAF-4865503CC0E3}.Debug|Any CPU.Build.0 = Debug|Any CPU
		{C16FD3A5-7307-40E0-8DAF-4865503CC0E3}.Release|Any CPU.ActiveCfg = Release|Any CPU
		{C16FD3A5-7307-40E0-8DAF-4865503CC0E3}.Release|Any CPU.Build.0 = Release|Any CPU
	EndGlobalSection
	GlobalSection(SolutionProperties) = preSolution
		HideSolutionNode = FALSE
	EndGlobalSection
EndGlobal
